
Microsoft Visual Studio Solution File, Format Version 12.00
# Visual Studio Version 17
VisualStudioVersion = 17.10.34928.147
MinimumVisualStudioVersion = 10.0.40219.1
Project("{8BC9CEB8-8B4A-11D0-8D11-00A0C91BC942}") = "ConsoleApplication1", "ConsoleApplication1\ConsoleApplication1.vcxproj", "{B55CA76F-2298-4493-BAD6-985CCCBD8D0A}"
EndProject
Global
	GlobalSection(SolutionConfigurationPlatforms) = preSolution
		Debug|x64 = Debug|x64
		Debug|x86 = Debug|x86
		Release|x64 = Release|x64
		Release|x86 = Release|x86
	EndGlobalSection
	GlobalSection(ProjectConfigurationPlatforms) = postSolution
		{B55CA76F-2298-4493-BAD6-985CCCBD8D0A}.Debug|x64.ActiveCfg = Debug|x64
		{B55CA76F-2298-4493-BAD6-985CCCBD8D0A}.Debug|x64.Build.0 = Debug|x64
		{B55CA76F-2298-4493-BAD6-985CCCBD8D0A}.Debug|x86.ActiveCfg = Debug|Win32
		{B55CA76F-2298-4493-BAD6-985CCCBD8D0A}.Debug|x86.Build.0 = Debug|Win32
		{B55CA76F-2298-4493-BAD6-985CCCBD8D0A}.Release|x64.ActiveCfg = Release|x64
		{B55CA76F-2298-4493-BAD6-985CCCBD8D0A}.Release|x64.Build.0 = Release|x64
		{B55CA76F-2298-4493-BAD6-985CCCBD8D0A}.Release|x86.ActiveCfg = Release|Win32
		{B55CA76F-2298-4493-BAD6-985CCCBD8D0A}.Release|x86.Build.0 = Release|Win32
	EndGlobalSection
	GlobalSection(SolutionProperties) = preSolution
		HideSolutionNode = FALSE
	EndGlobalSection
	GlobalSection(ExtensibilityGlobals) = postSolution
		SolutionGuid = {CFF2B51A-92A8-41AC-BC5F-48D1262DBEBC}
	EndGlobalSection
EndGlobal
